
Microsoft Visual Studio Solution File, Format Version 12.00
# Visual Studio Version 16
VisualStudioVersion = 16.0.30413.136
MinimumVisualStudioVersion = 10.0.40219.1
Project("{FAE04EC0-301F-11D3-BF4B-00C04F79EFBC}") = "Warehouse", "Warehouse\Warehouse.csproj", "{B26D2E22-190C-4C92-91C9-120CF0AC9C22}"
EndProject
Global
	GlobalSection(SolutionConfigurationPlatforms) = preSolution
		Debug|Any CPU = Debug|Any CPU
		Release|Any CPU = Release|Any CPU
	EndGlobalSection
	GlobalSection(ProjectConfigurationPlatforms) = postSolution
		{B26D2E22-190C-4C92-91C9-120CF0AC9C22}.Debug|Any CPU.ActiveCfg = Debug|Any CPU
		{B26D2E22-190C-4C92-91C9-120CF0AC9C22}.Debug|Any CPU.Build.0 = Debug|Any CPU
		{B26D2E22-190C-4C92-91C9-120CF0AC9C22}.Release|Any CPU.ActiveCfg = Release|Any CPU
		{B26D2E22-190C-4C92-91C9-120CF0AC9C22}.Release|Any CPU.Build.0 = Release|Any CPU
	EndGlobalSection
	GlobalSection(SolutionProperties) = preSolution
		HideSolutionNode = FALSE
	EndGlobalSection
	GlobalSection(ExtensibilityGlobals) = postSolution
		SolutionGuid = {779EFFDC-681D-4CC1-8D3A-9770D6955675}
	EndGlobalSection
EndGlobal
