
Microsoft Visual Studio Solution File, Format Version 12.00
# Visual Studio Version 16
VisualStudioVersion = 16.0.30804.86
MinimumVisualStudioVersion = 10.0.40219.1
Project("{FAE04EC0-301F-11D3-BF4B-00C04F79EFBC}") = "GoodsStorage", "GoodsStorage\GoodsStorage.csproj", "{D38AFC64-DD2E-4764-B408-8769DE9D882C}"
EndProject
Global
	GlobalSection(SolutionConfigurationPlatforms) = preSolution
		Debug|Any CPU = Debug|Any CPU
		Release|Any CPU = Release|Any CPU
	EndGlobalSection
	GlobalSection(ProjectConfigurationPlatforms) = postSolution
		{D38AFC64-DD2E-4764-B408-8769DE9D882C}.Debug|Any CPU.ActiveCfg = Debug|Any CPU
		{D38AFC64-DD2E-4764-B408-8769DE9D882C}.Debug|Any CPU.Build.0 = Debug|Any CPU
		{D38AFC64-DD2E-4764-B408-8769DE9D882C}.Release|Any CPU.ActiveCfg = Release|Any CPU
		{D38AFC64-DD2E-4764-B408-8769DE9D882C}.Release|Any CPU.Build.0 = Release|Any CPU
	EndGlobalSection
	GlobalSection(SolutionProperties) = preSolution
		HideSolutionNode = FALSE
	EndGlobalSection
	GlobalSection(ExtensibilityGlobals) = postSolution
		SolutionGuid = {F03D61C0-6FDA-45AE-9239-05A4CB43532A}
	EndGlobalSection
EndGlobal
