
Microsoft Visual Studio Solution File, Format Version 12.00
# Visual Studio Version 16
VisualStudioVersion = 16.0.30804.86
MinimumVisualStudioVersion = 10.0.40219.1
Project("{FAE04EC0-301F-11D3-BF4B-00C04F79EFBC}") = "Notepad+", "Notepad+\Notepad+.csproj", "{DED920CB-CD6F-4F09-B4A3-D1D8FFB731E2}"
EndProject
Global
	GlobalSection(SolutionConfigurationPlatforms) = preSolution
		Debug|Any CPU = Debug|Any CPU
		Release|Any CPU = Release|Any CPU
	EndGlobalSection
	GlobalSection(ProjectConfigurationPlatforms) = postSolution
		{DED920CB-CD6F-4F09-B4A3-D1D8FFB731E2}.Debug|Any CPU.ActiveCfg = Debug|Any CPU
		{DED920CB-CD6F-4F09-B4A3-D1D8FFB731E2}.Debug|Any CPU.Build.0 = Debug|Any CPU
		{DED920CB-CD6F-4F09-B4A3-D1D8FFB731E2}.Release|Any CPU.ActiveCfg = Release|Any CPU
		{DED920CB-CD6F-4F09-B4A3-D1D8FFB731E2}.Release|Any CPU.Build.0 = Release|Any CPU
	EndGlobalSection
	GlobalSection(SolutionProperties) = preSolution
		HideSolutionNode = FALSE
	EndGlobalSection
	GlobalSection(ExtensibilityGlobals) = postSolution
		SolutionGuid = {7CD11D83-DFC8-409C-9D0A-09E2E1D6159E}
	EndGlobalSection
EndGlobal
