
Microsoft Visual Studio Solution File, Format Version 12.00
# Visual Studio Version 16
VisualStudioVersion = 16.0.30804.86
MinimumVisualStudioVersion = 10.0.40219.1
Project("{FAE04EC0-301F-11D3-BF4B-00C04F79EFBC}") = "TodoList", "TodoList\TodoList.csproj", "{72513AE8-533F-42CD-90D7-E9C1137D9506}"
	ProjectSection(ProjectDependencies) = postProject
		{BFD9BB97-479B-412F-BF1F-300C1926938A} = {BFD9BB97-479B-412F-BF1F-300C1926938A}
	EndProjectSection
EndProject
Project("{FAE04EC0-301F-11D3-BF4B-00C04F79EFBC}") = "TaskManagement", "TaskManagement\TaskManagement.csproj", "{BFD9BB97-479B-412F-BF1F-300C1926938A}"
EndProject
Global
	GlobalSection(SolutionConfigurationPlatforms) = preSolution
		Debug|Any CPU = Debug|Any CPU
		Release|Any CPU = Release|Any CPU
	EndGlobalSection
	GlobalSection(ProjectConfigurationPlatforms) = postSolution
		{72513AE8-533F-42CD-90D7-E9C1137D9506}.Debug|Any CPU.ActiveCfg = Debug|Any CPU
		{72513AE8-533F-42CD-90D7-E9C1137D9506}.Debug|Any CPU.Build.0 = Debug|Any CPU
		{72513AE8-533F-42CD-90D7-E9C1137D9506}.Release|Any CPU.ActiveCfg = Release|Any CPU
		{72513AE8-533F-42CD-90D7-E9C1137D9506}.Release|Any CPU.Build.0 = Release|Any CPU
		{BFD9BB97-479B-412F-BF1F-300C1926938A}.Debug|Any CPU.ActiveCfg = Debug|Any CPU
		{BFD9BB97-479B-412F-BF1F-300C1926938A}.Debug|Any CPU.Build.0 = Debug|Any CPU
		{BFD9BB97-479B-412F-BF1F-300C1926938A}.Release|Any CPU.ActiveCfg = Release|Any CPU
		{BFD9BB97-479B-412F-BF1F-300C1926938A}.Release|Any CPU.Build.0 = Release|Any CPU
	EndGlobalSection
	GlobalSection(SolutionProperties) = preSolution
		HideSolutionNode = FALSE
	EndGlobalSection
	GlobalSection(ExtensibilityGlobals) = postSolution
		SolutionGuid = {41CDDAB2-5FB6-4394-80C8-DDB90908429D}
	EndGlobalSection
EndGlobal
